
Microsoft Visual Studio Solution File, Format Version 12.00
# Visual Studio Version 16
VisualStudioVersion = 16.0.30907.101
MinimumVisualStudioVersion = 10.0.40219.1
Project("{2150E333-8FDC-42A3-9474-1A3956D46DE8}") = "1.Client", "1.Client", "{61FEEA51-01E0-429C-A9C2-FA0B78D9E603}"
EndProject
Project("{2150E333-8FDC-42A3-9474-1A3956D46DE8}") = "2.Api.Gateways", "2.Api.Gateways", "{453BE1C0-8EC2-44BC-A8BA-8A8FF448A4C2}"
EndProject
Project("{2150E333-8FDC-42A3-9474-1A3956D46DE8}") = "3.Services", "3.Services", "{25A334DE-027E-40B4-9F8F-C7BCA64B05F8}"
EndProject
Project("{2150E333-8FDC-42A3-9474-1A3956D46DE8}") = "Exercise", "Exercise", "{F7FF706A-5332-4C1D-B06A-A60E97E36ECD}"
EndProject
Project("{2150E333-8FDC-42A3-9474-1A3956D46DE8}") = "1.Api", "1.Api", "{331C5BB7-94D6-4262-AFFE-C951DB83F50B}"
EndProject
Project("{2150E333-8FDC-42A3-9474-1A3956D46DE8}") = "2.Services", "2.Services", "{AA7CF9E3-788A-4C0B-B459-9E7FDC863751}"
EndProject
Project("{2150E333-8FDC-42A3-9474-1A3956D46DE8}") = "3.DataAcces", "3.DataAcces", "{4287CFD4-DA7E-47E6-A13A-8EFBCE254B40}"
EndProject
Project("{2150E333-8FDC-42A3-9474-1A3956D46DE8}") = "4.Models", "4.Models", "{BBE1D75C-2287-4B2E-9C44-9F4B6A506E5D}"
EndProject
Project("{9A19103F-16F7-4668-BE54-9A1E7A4F7556}") = "Exercise.DataAccess.DataBase", "src\Services\Exercise\Exercise.DataAcces.DataBase\Exercise.DataAccess.DataBase.csproj", "{CA2BC74E-200D-40ED-9E47-982074C6C615}"
EndProject
Project("{9A19103F-16F7-4668-BE54-9A1E7A4F7556}") = "Exercise.Domain", "src\Services\Exercise\Exercise.Domain\Exercise.Domain.csproj", "{49D2E0C0-65BC-4108-AB98-26B3C739325E}"
EndProject
Project("{9A19103F-16F7-4668-BE54-9A1E7A4F7556}") = "Exercise.Api", "src\Services\Exercise\Exercise.Api\Exercise.Api\Exercise.Api.csproj", "{F78BEE41-7940-4FD7-8CB5-A08D663997DA}"
EndProject
Project("{9A19103F-16F7-4668-BE54-9A1E7A4F7556}") = "Exercise.Services.Querys", "src\Services\Exercise\Exercises.Services.Querys\Exercise.Services.Querys.csproj", "{B17AF695-BDE3-40B0-AB13-103004025F41}"
EndProject
Project("{9A19103F-16F7-4668-BE54-9A1E7A4F7556}") = "Exercise.Services.EventHandler", "src\Services\Exercise\Exercise.Services.EventHandler\Exercise.Services.EventHandler.csproj", "{400ABD1A-8FF6-4F7A-904B-EB19D3697A18}"
EndProject
Project("{9A19103F-16F7-4668-BE54-9A1E7A4F7556}") = "Common.Services.Enumerations", "src\Common\Common.Services.Enumeration\Common.Services.Enumerations.csproj", "{261D6003-708B-4D3A-8FE7-3499B6C9B7DE}"
EndProject
Project("{2150E333-8FDC-42A3-9474-1A3956D46DE8}") = "Common", "Common", "{305886D6-A4D8-4E9F-8995-E6914D45E58F}"
EndProject
Project("{9A19103F-16F7-4668-BE54-9A1E7A4F7556}") = "Common.Services.Loggin", "src\Common\Common.Services.Loggin\Common.Services.Loggin.csproj", "{5FA7E621-2F0A-411E-88CC-52A4A0736323}"
EndProject
Project("{2150E333-8FDC-42A3-9474-1A3956D46DE8}") = "5.Testing", "5.Testing", "{2FB30FCF-1781-4DBD-80D2-C2485A294018}"
EndProject
Project("{9A19103F-16F7-4668-BE54-9A1E7A4F7556}") = "Exercise.Test", "src\Services\Exercise\Exercise.Test\Exercise.Test.csproj", "{ECA58562-5BDD-402B-BADA-413C0F05443A}"
EndProject
Global
	GlobalSection(SolutionConfigurationPlatforms) = preSolution
		Debug|Any CPU = Debug|Any CPU
		Release|Any CPU = Release|Any CPU
	EndGlobalSection
	GlobalSection(ProjectConfigurationPlatforms) = postSolution
		{CA2BC74E-200D-40ED-9E47-982074C6C615}.Debug|Any CPU.ActiveCfg = Debug|Any CPU
		{CA2BC74E-200D-40ED-9E47-982074C6C615}.Debug|Any CPU.Build.0 = Debug|Any CPU
		{CA2BC74E-200D-40ED-9E47-982074C6C615}.Release|Any CPU.ActiveCfg = Release|Any CPU
		{CA2BC74E-200D-40ED-9E47-982074C6C615}.Release|Any CPU.Build.0 = Release|Any CPU
		{49D2E0C0-65BC-4108-AB98-26B3C739325E}.Debug|Any CPU.ActiveCfg = Debug|Any CPU
		{49D2E0C0-65BC-4108-AB98-26B3C739325E}.Debug|Any CPU.Build.0 = Debug|Any CPU
		{49D2E0C0-65BC-4108-AB98-26B3C739325E}.Release|Any CPU.ActiveCfg = Release|Any CPU
		{49D2E0C0-65BC-4108-AB98-26B3C739325E}.Release|Any CPU.Build.0 = Release|Any CPU
		{F78BEE41-7940-4FD7-8CB5-A08D663997DA}.Debug|Any CPU.ActiveCfg = Debug|Any CPU
		{F78BEE41-7940-4FD7-8CB5-A08D663997DA}.Debug|Any CPU.Build.0 = Debug|Any CPU
		{F78BEE41-7940-4FD7-8CB5-A08D663997DA}.Release|Any CPU.ActiveCfg = Release|Any CPU
		{F78BEE41-7940-4FD7-8CB5-A08D663997DA}.Release|Any CPU.Build.0 = Release|Any CPU
		{B17AF695-BDE3-40B0-AB13-103004025F41}.Debug|Any CPU.ActiveCfg = Debug|Any CPU
		{B17AF695-BDE3-40B0-AB13-103004025F41}.Debug|Any CPU.Build.0 = Debug|Any CPU
		{B17AF695-BDE3-40B0-AB13-103004025F41}.Release|Any CPU.ActiveCfg = Release|Any CPU
		{B17AF695-BDE3-40B0-AB13-103004025F41}.Release|Any CPU.Build.0 = Release|Any CPU
		{400ABD1A-8FF6-4F7A-904B-EB19D3697A18}.Debug|Any CPU.ActiveCfg = Debug|Any CPU
		{400ABD1A-8FF6-4F7A-904B-EB19D3697A18}.Debug|Any CPU.Build.0 = Debug|Any CPU
		{400ABD1A-8FF6-4F7A-904B-EB19D3697A18}.Release|Any CPU.ActiveCfg = Release|Any CPU
		{400ABD1A-8FF6-4F7A-904B-EB19D3697A18}.Release|Any CPU.Build.0 = Release|Any CPU
		{261D6003-708B-4D3A-8FE7-3499B6C9B7DE}.Debug|Any CPU.ActiveCfg = Debug|Any CPU
		{261D6003-708B-4D3A-8FE7-3499B6C9B7DE}.Debug|Any CPU.Build.0 = Debug|Any CPU
		{261D6003-708B-4D3A-8FE7-3499B6C9B7DE}.Release|Any CPU.ActiveCfg = Release|Any CPU
		{261D6003-708B-4D3A-8FE7-3499B6C9B7DE}.Release|Any CPU.Build.0 = Release|Any CPU
		{5FA7E621-2F0A-411E-88CC-52A4A0736323}.Debug|Any CPU.ActiveCfg = Debug|Any CPU
		{5FA7E621-2F0A-411E-88CC-52A4A0736323}.Debug|Any CPU.Build.0 = Debug|Any CPU
		{5FA7E621-2F0A-411E-88CC-52A4A0736323}.Release|Any CPU.ActiveCfg = Release|Any CPU
		{5FA7E621-2F0A-411E-88CC-52A4A0736323}.Release|Any CPU.Build.0 = Release|Any CPU
		{ECA58562-5BDD-402B-BADA-413C0F05443A}.Debug|Any CPU.ActiveCfg = Debug|Any CPU
		{ECA58562-5BDD-402B-BADA-413C0F05443A}.Debug|Any CPU.Build.0 = Debug|Any CPU
		{ECA58562-5BDD-402B-BADA-413C0F05443A}.Release|Any CPU.ActiveCfg = Release|Any CPU
		{ECA58562-5BDD-402B-BADA-413C0F05443A}.Release|Any CPU.Build.0 = Release|Any CPU
	EndGlobalSection
	GlobalSection(SolutionProperties) = preSolution
		HideSolutionNode = FALSE
	EndGlobalSection
	GlobalSection(NestedProjects) = preSolution
		{F7FF706A-5332-4C1D-B06A-A60E97E36ECD} = {25A334DE-027E-40B4-9F8F-C7BCA64B05F8}
		{331C5BB7-94D6-4262-AFFE-C951DB83F50B} = {F7FF706A-5332-4C1D-B06A-A60E97E36ECD}
		{AA7CF9E3-788A-4C0B-B459-9E7FDC863751} = {F7FF706A-5332-4C1D-B06A-A60E97E36ECD}
		{4287CFD4-DA7E-47E6-A13A-8EFBCE254B40} = {F7FF706A-5332-4C1D-B06A-A60E97E36ECD}
		{BBE1D75C-2287-4B2E-9C44-9F4B6A506E5D} = {F7FF706A-5332-4C1D-B06A-A60E97E36ECD}
		{CA2BC74E-200D-40ED-9E47-982074C6C615} = {4287CFD4-DA7E-47E6-A13A-8EFBCE254B40}
		{49D2E0C0-65BC-4108-AB98-26B3C739325E} = {BBE1D75C-2287-4B2E-9C44-9F4B6A506E5D}
		{F78BEE41-7940-4FD7-8CB5-A08D663997DA} = {331C5BB7-94D6-4262-AFFE-C951DB83F50B}
		{B17AF695-BDE3-40B0-AB13-103004025F41} = {AA7CF9E3-788A-4C0B-B459-9E7FDC863751}
		{400ABD1A-8FF6-4F7A-904B-EB19D3697A18} = {AA7CF9E3-788A-4C0B-B459-9E7FDC863751}
		{261D6003-708B-4D3A-8FE7-3499B6C9B7DE} = {305886D6-A4D8-4E9F-8995-E6914D45E58F}
		{5FA7E621-2F0A-411E-88CC-52A4A0736323} = {305886D6-A4D8-4E9F-8995-E6914D45E58F}
		{2FB30FCF-1781-4DBD-80D2-C2485A294018} = {F7FF706A-5332-4C1D-B06A-A60E97E36ECD}
		{ECA58562-5BDD-402B-BADA-413C0F05443A} = {2FB30FCF-1781-4DBD-80D2-C2485A294018}
	EndGlobalSection
	GlobalSection(ExtensibilityGlobals) = postSolution
		SolutionGuid = {D68954DE-A75B-4942-83DD-A2EB0662C0F2}
	EndGlobalSection
EndGlobal
